
Microsoft Visual Studio Solution File, Format Version 12.00
# Visual Studio Version 16
VisualStudioVersion = 16.0.29215.179
MinimumVisualStudioVersion = 10.0.40219.1
Project("{9A19103F-16F7-4668-BE54-9A1E7A4F7556}") = "CarHub.Web", "CarHub.Web\CarHub.Web.csproj", "{19A99BA3-A32D-4B6C-B08F-44291132C12C}"
EndProject
Project("{9A19103F-16F7-4668-BE54-9A1E7A4F7556}") = "CarHub.Infrastructure", "CarHub.Infrastructure\CarHub.Infrastructure.csproj", "{0A56CC7F-CC9A-4BC2-82AF-6C8A0E2BAF36}"
EndProject
Project("{9A19103F-16F7-4668-BE54-9A1E7A4F7556}") = "CarHub.Core", "CarHub.Core\CarHub.Core.csproj", "{56682B2C-44C4-47F5-A9E5-036CC8C46891}"
EndProject
Project("{2150E333-8FDC-42A3-9474-1A3956D46DE8}") = "Tests", "Tests", "{A7C14899-930E-4A9C-8D65-8E379270B927}"
EndProject
Project("{FAE04EC0-301F-11D3-BF4B-00C04F79EFBC}") = "CarHub.Infrastructure.Tests", "CarHub.Infrastructure.Tests\CarHub.Infrastructure.Tests.csproj", "{444F1FB9-9C34-4001-AAD7-E501FA8696E9}"
EndProject
Project("{FAE04EC0-301F-11D3-BF4B-00C04F79EFBC}") = "CarHub.Core.Tests", "CarHub.Core.Tests\CarHub.Core.Tests.csproj", "{A26F0C67-DA8B-44EA-8419-F3A5AC01CA8C}"
EndProject
Global
	GlobalSection(SolutionConfigurationPlatforms) = preSolution
		Debug|Any CPU = Debug|Any CPU
		Release|Any CPU = Release|Any CPU
	EndGlobalSection
	GlobalSection(ProjectConfigurationPlatforms) = postSolution
		{19A99BA3-A32D-4B6C-B08F-44291132C12C}.Debug|Any CPU.ActiveCfg = Debug|Any CPU
		{19A99BA3-A32D-4B6C-B08F-44291132C12C}.Debug|Any CPU.Build.0 = Debug|Any CPU
		{19A99BA3-A32D-4B6C-B08F-44291132C12C}.Release|Any CPU.ActiveCfg = Release|Any CPU
		{19A99BA3-A32D-4B6C-B08F-44291132C12C}.Release|Any CPU.Build.0 = Release|Any CPU
		{0A56CC7F-CC9A-4BC2-82AF-6C8A0E2BAF36}.Debug|Any CPU.ActiveCfg = Debug|Any CPU
		{0A56CC7F-CC9A-4BC2-82AF-6C8A0E2BAF36}.Debug|Any CPU.Build.0 = Debug|Any CPU
		{0A56CC7F-CC9A-4BC2-82AF-6C8A0E2BAF36}.Release|Any CPU.ActiveCfg = Release|Any CPU
		{0A56CC7F-CC9A-4BC2-82AF-6C8A0E2BAF36}.Release|Any CPU.Build.0 = Release|Any CPU
		{56682B2C-44C4-47F5-A9E5-036CC8C46891}.Debug|Any CPU.ActiveCfg = Debug|Any CPU
		{56682B2C-44C4-47F5-A9E5-036CC8C46891}.Debug|Any CPU.Build.0 = Debug|Any CPU
		{56682B2C-44C4-47F5-A9E5-036CC8C46891}.Release|Any CPU.ActiveCfg = Release|Any CPU
		{56682B2C-44C4-47F5-A9E5-036CC8C46891}.Release|Any CPU.Build.0 = Release|Any CPU
		{444F1FB9-9C34-4001-AAD7-E501FA8696E9}.Debug|Any CPU.ActiveCfg = Debug|Any CPU
		{444F1FB9-9C34-4001-AAD7-E501FA8696E9}.Debug|Any CPU.Build.0 = Debug|Any CPU
		{444F1FB9-9C34-4001-AAD7-E501FA8696E9}.Release|Any CPU.ActiveCfg = Release|Any CPU
		{444F1FB9-9C34-4001-AAD7-E501FA8696E9}.Release|Any CPU.Build.0 = Release|Any CPU
		{A26F0C67-DA8B-44EA-8419-F3A5AC01CA8C}.Debug|Any CPU.ActiveCfg = Debug|Any CPU
		{A26F0C67-DA8B-44EA-8419-F3A5AC01CA8C}.Debug|Any CPU.Build.0 = Debug|Any CPU
		{A26F0C67-DA8B-44EA-8419-F3A5AC01CA8C}.Release|Any CPU.ActiveCfg = Release|Any CPU
		{A26F0C67-DA8B-44EA-8419-F3A5AC01CA8C}.Release|Any CPU.Build.0 = Release|Any CPU
	EndGlobalSection
	GlobalSection(SolutionProperties) = preSolution
		HideSolutionNode = FALSE
	EndGlobalSection
	GlobalSection(NestedProjects) = preSolution
		{444F1FB9-9C34-4001-AAD7-E501FA8696E9} = {A7C14899-930E-4A9C-8D65-8E379270B927}
		{A26F0C67-DA8B-44EA-8419-F3A5AC01CA8C} = {A7C14899-930E-4A9C-8D65-8E379270B927}
	EndGlobalSection
	GlobalSection(ExtensibilityGlobals) = postSolution
		SolutionGuid = {659FCF49-A156-47FE-88C6-09FD55B773FB}
	EndGlobalSection
EndGlobal
